
Microsoft Visual Studio Solution File, Format Version 12.00
# Visual Studio 15
VisualStudioVersion = 15.0.26403.7
MinimumVisualStudioVersion = 10.0.40219.1
Project("{9A19103F-16F7-4668-BE54-9A1E7A4F7556}") = "Stockzilla", "Stockzilla.csproj", "{A516A142-6495-48A1-B026-44D52440DAB3}"
EndProject
Global
	GlobalSection(SolutionConfigurationPlatforms) = preSolution
		Debug|Any CPU = Debug|Any CPU
		Release|Any CPU = Release|Any CPU
	EndGlobalSection
	GlobalSection(ProjectConfigurationPlatforms) = postSolution
		{A516A142-6495-48A1-B026-44D52440DAB3}.Debug|Any CPU.ActiveCfg = Debug|Any CPU
		{A516A142-6495-48A1-B026-44D52440DAB3}.Debug|Any CPU.Build.0 = Debug|Any CPU
		{A516A142-6495-48A1-B026-44D52440DAB3}.Release|Any CPU.ActiveCfg = Release|Any CPU
		{A516A142-6495-48A1-B026-44D52440DAB3}.Release|Any CPU.Build.0 = Release|Any CPU
	EndGlobalSection
	GlobalSection(SolutionProperties) = preSolution
		HideSolutionNode = FALSE
	EndGlobalSection
	GlobalSection(TeamFoundationVersionControl) = preSolution
		SccNumberOfProjects = 2
		SccEnterpriseProvider = {4CA58AB2-18FA-4F8D-95D4-32DDF27D184C}
		SccTeamFoundationServer = https://stockzilla.visualstudio.com/
		SccLocalPath0 = .
		SccProjectUniqueName1 = Stockzilla.csproj
		SccLocalPath1 = .
	EndGlobalSection
EndGlobal
